// !$*UTF8*$!
{
	archiveVersion = 1;
	classes = {
	};
	objectVersion = 46;
	objects = {

/* Begin PBXBuildFile section */
		B63A762D1E1DDAA1005C95D3 /* AppDelegate.swift in Sources */ = {isa = PBXBuildFile; fileRef = B63A762C1E1DDAA1005C95D3 /* AppDelegate.swift */; };
		B63A762F1E1DDAA1005C95D3 /* ViewController.swift in Sources */ = {isa = PBXBuildFile; fileRef = B63A762E1E1DDAA1005C95D3 /* ViewController.swift */; };
		B63A76321E1DDAA1005C95D3 /* Main.storyboard in Resources */ = {isa = PBXBuildFile; fileRef = B63A76301E1DDAA1005C95D3 /* Main.storyboard */; };
		B63A76351E1DDAA1005C95D3 /* T_A_App.xcdatamodeld in Sources */ = {isa = PBXBuildFile; fileRef = B63A76331E1DDAA1005C95D3 /* T_A_App.xcdatamodeld */; };
		B63A76371E1DDAA1005C95D3 /* Assets.xcassets in Resources */ = {isa = PBXBuildFile; fileRef = B63A76361E1DDAA1005C95D3 /* Assets.xcassets */; };
		B63A763A1E1DDAA1005C95D3 /* LaunchScreen.storyboard in Resources */ = {isa = PBXBuildFile; fileRef = B63A76381E1DDAA1005C95D3 /* LaunchScreen.storyboard */; };
		B63A76421E1DDE04005C95D3 /* transportation.JPG in Resources */ = {isa = PBXBuildFile; fileRef = B63A76411E1DDE04005C95D3 /* transportation.JPG */; };
		B63A76441E1DDE0B005C95D3 /* animals.JPG in Resources */ = {isa = PBXBuildFile; fileRef = B63A76431E1DDE0B005C95D3 /* animals.JPG */; };
/* End PBXBuildFile section */

/* Begin PBXFileReference section */
		B63A76291E1DDAA1005C95D3 /* T&A_App.app */ = {isa = PBXFileReference; explicitFileType = wrapper.application; includeInIndex = 0; path = "T&A_App.app"; sourceTree = BUILT_PRODUCTS_DIR; };
		B63A762C1E1DDAA1005C95D3 /* AppDelegate.swift */ = {isa = PBXFileReference; lastKnownFileType = sourcecode.swift; path = AppDelegate.swift; sourceTree = "<group>"; };
		B63A762E1E1DDAA1005C95D3 /* ViewController.swift */ = {isa = PBXFileReference; lastKnownFileType = sourcecode.swift; path = ViewController.swift; sourceTree = "<group>"; };
		B63A76311E1DDAA1005C95D3 /* Base */ = {isa = PBXFileReference; lastKnownFileType = file.storyboard; name = Base; path = Base.lproj/Main.storyboard; sourceTree = "<group>"; };
		B63A76341E1DDAA1005C95D3 /* T_A_App.xcdatamodel */ = {isa = PBXFileReference; lastKnownFileType = wrapper.xcdatamodel; path = T_A_App.xcdatamodel; sourceTree = "<group>"; };
		B63A76361E1DDAA1005C95D3 /* Assets.xcassets */ = {isa = PBXFileReference; lastKnownFileType = folder.assetcatalog; path = Assets.xcassets; sourceTree = "<group>"; };
		B63A76391E1DDAA1005C95D3 /* Base */ = {isa = PBXFileReference; lastKnownFileType = file.storyboard; name = Base; path = Base.lproj/LaunchScreen.storyboard; sourceTree = "<group>"; };
		B63A763B1E1DDAA1005C95D3 /* Info.plist */ = {isa = PBXFileReference; lastKnownFileType = text.plist.xml; path = Info.plist; sourceTree = "<group>"; };
		B63A76411E1DDE04005C95D3 /* transportation.JPG */ = {isa = PBXFileReference; lastKnownFileType = image.jpeg; path = transportation.JPG; sourceTree = "<group>"; };
		B63A76431E1DDE0B005C95D3 /* animals.JPG */ = {isa = PBXFileReference; lastKnownFileType = image.jpeg; path = animals.JPG; sourceTree = "<group>"; };
/* End PBXFileReference section */

/* Begin PBXFrameworksBuildPhase section */
		B63A76261E1DDAA1005C95D3 /* Frameworks */ = {
			isa = PBXFrameworksBuildPhase;
			buildActionMask = 2147483647;
			files = (
			);
			runOnlyForDeploymentPostprocessing = 0;
		};
/* End PBXFrameworksBuildPhase section */

/* Begin PBXGroup section */
		B63A76201E1DDAA1005C95D3 = {
			isa = PBXGroup;
			children = (
				B63A762B1E1DDAA1005C95D3 /* T&A_App */,
				B63A762A1E1DDAA1005C95D3 /* Products */,
			);
			sourceTree = "<group>";
		};
		B63A762A1E1DDAA1005C95D3 /* Products */ = {
			isa = PBXGroup;
			children = (
				B63A76291E1DDAA1005C95D3 /* T&A_App.app */,
			);
			name = Products;
			sourceTree = "<group>";
		};
		B63A762B1E1DDAA1005C95D3 /* T&A_App */ = {
			isa = PBXGroup;
			children = (
				B63A762C1E1DDAA1005C95D3 /* AppDelegate.swift */,
				B63A762E1E1DDAA1005C95D3 /* ViewController.swift */,
				B63A76301E1DDAA1005C95D3 /* Main.storyboard */,
				B63A76361E1DDAA1005C95D3 /* Assets.xcassets */,
				B63A76411E1DDE04005C95D3 /* transportation.JPG */,
				B63A76431E1DDE0B005C95D3 /* animals.JPG */,
				B63A76381E1DDAA1005C95D3 /* LaunchScreen.storyboard */,
				B63A763B1E1DDAA1005C95D3 /* Info.plist */,
				B63A76331E1DDAA1005C95D3 /* T_A_App.xcdatamodeld */,
			);
			path = "T&A_App";
			sourceTree = "<group>";
		};
/* End PBXGroup section */

/* Begin PBXNativeTarget section */
		B63A76281E1DDAA1005C95D3 /* T&A_App */ = {
			isa = PBXNativeTarget;
			buildConfigurationList = B63A763E1E1DDAA1005C95D3 /* Build configuration list for PBXNativeTarget "T&A_App" */;
			buildPhases = (
				B63A76251E1DDAA1005C95D3 /* Sources */,
				B63A76261E1DDAA1005C95D3 /* Frameworks */,
				B63A76271E1DDAA1005C95D3 /* Resources */,
			);
			buildRules = (
			);
			dependencies = (
			);
			name = "T&A_App";
			productName = "T&A_App";
			productReference = B63A76291E1DDAA1005C95D3 /* T&A_App.app */;
			productType = "com.apple.product-type.application";
		};
/* End PBXNativeTarget section */

/* Begin PBXProject section */
		B63A76211E1DDAA1005C95D3 /* Project object */ = {
			isa = PBXProject;
			attributes = {
				LastSwiftUpdateCheck = 0820;
				LastUpgradeCheck = 0820;
				ORGANIZATIONNAME = "Felicia Weathers";
				TargetAttributes = {
					B63A76281E1DDAA1005C95D3 = {
						CreatedOnToolsVersion = 8.2.1;
						DevelopmentTeam = 9V5VY2T8PQ;
						ProvisioningStyle = Automatic;
					};
				};
			};
			buildConfigurationList = B63A76241E1DDAA1005C95D3 /* Build configuration list for PBXProject "T&A_App" */;
			compatibilityVersion = "Xcode 3.2";
			developmentRegion = English;
			hasScannedForEncodings = 0;
			knownRegions = (
				en,
				Base,
			);
			mainGroup = B63A76201E1DDAA1005C95D3;
			productRefGroup = B63A762A1E1DDAA1005C95D3 /* Products */;
			projectDirPath = "";
			projectRoot = "";
			targets = (
				B63A76281E1DDAA1005C95D3 /* T&A_App */,
			);
		};
/* End PBXProject section */

/* Begin PBXResourcesBuildPhase section */
		B63A76271E1DDAA1005C95D3 /* Resources */ = {
			isa = PBXResourcesBuildPhase;
			buildActionMask = 2147483647;
			files = (
				B63A763A1E1DDAA1005C95D3 /* LaunchScreen.storyboard in Resources */,
				B63A76421E1DDE04005C95D3 /* transportation.JPG in Resources */,
				B63A76371E1DDAA1005C95D3 /* Assets.xcassets in Resources */,
				B63A76321E1DDAA1005C95D3 /* Main.storyboard in Resources */,
				B63A76441E1DDE0B005C95D3 /* animals.JPG in Resources */,
			);
			runOnlyForDeploymentPostprocessing = 0;
		};
/* End PBXResourcesBuildPhase section */

/* Begin PBXSourcesBuildPhase section */
		B63A76251E1DDAA1005C95D3 /* Sources */ = {
			isa = PBXSourcesBuildPhase;
			buildActionMask = 2147483647;
			files = (
				B63A76351E1DDAA1005C95D3 /* T_A_App.xcdatamodeld in Sources */,
				B63A762F1E1DDAA1005C95D3 /* ViewController.swift in Sources */,
				B63A762D1E1DDAA1005C95D3 /* AppDelegate.swift in Sources */,
			);
			runOnlyForDeploymentPostprocessing = 0;
		};
/* End PBXSourcesBuildPhase section */

/* Begin PBXVariantGroup section */
		B63A76301E1DDAA1005C95D3 /* Main.storyboard */ = {
			isa = PBXVariantGroup;
			children = (
				B63A76311E1DDAA1005C95D3 /* Base */,
			);
			name = Main.storyboard;
			sourceTree = "<group>";
		};
		B63A76381E1DDAA1005C95D3 /* LaunchScreen.storyboard */ = {
			isa = PBXVariantGroup;
			children = (
				B63A76391E1DDAA1005C95D3 /* Base */,
			);
			name = LaunchScreen.storyboard;
			sourceTree = "<group>";
		};
/* End PBXVariantGroup section */

/* Begin XCBuildConfiguration section */
		B63A763C1E1DDAA1005C95D3 /* Debug */ = {
			isa = XCBuildConfiguration;
			buildSettings = {
				ALWAYS_SEARCH_USER_PATHS = NO;
				CLANG_ANALYZER_NONNULL = YES;
				CLANG_CXX_LANGUAGE_STANDARD = "gnu++0x";
				CLANG_CXX_LIBRARY = "libc++";
				CLANG_ENABLE_MODULES = YES;
				CLANG_ENABLE_OBJC_ARC = YES;
				CLANG_WARN_BOOL_CONVERSION = YES;
				CLANG_WARN_CONSTANT_CONVERSION = YES;
				CLANG_WARN_DIRECT_OBJC_ISA_USAGE = YES_ERROR;
				CLANG_WARN_DOCUMENTATION_COMMENTS = YES;
				CLANG_WARN_EMPTY_BODY = YES;
				CLANG_WARN_ENUM_CONVERSION = YES;
				CLANG_WARN_INFINITE_RECURSION = YES;
				CLANG_WARN_INT_CONVERSION = YES;
				CLANG_WARN_OBJC_ROOT_CLASS = YES_ERROR;
				CLANG_WARN_SUSPICIOUS_MOVE = YES;
				CLANG_WARN_UNREACHABLE_CODE = YES;
				CLANG_WARN__DUPLICATE_METHOD_MATCH = YES;
				"CODE_SIGN_IDENTITY[sdk=iphoneos*]" = "iPhone Developer";
				COPY_PHASE_STRIP = NO;
				DEBUG_INFORMATION_FORMAT = dwarf;
				ENABLE_STRICT_OBJC_MSGSEND = YES;
				ENABLE_TESTABILITY = YES;
				GCC_C_LANGUAGE_STANDARD = gnu99;
				GCC_DYNAMIC_NO_PIC = NO;
				GCC_NO_COMMON_BLOCKS = YES;
				GCC_OPTIMIZATION_LEVEL = 0;
				GCC_PREPROCESSOR_DEFINITIONS = (
					"DEBUG=1",
					"$(inherited)",
				);
				GCC_WARN_64_TO_32_BIT_CONVERSION = YES;
				GCC_WARN_ABOUT_RETURN_TYPE = YES_ERROR;
				GCC_WARN_UNDECLARED_SELECTOR = YES;
				GCC_WARN_UNINITIALIZED_AUTOS = YES_AGGRESSIVE;
				GCC_WARN_UNUSED_FUNCTION = YES;
				GCC_WARN_UNUSED_VARIABLE = YES;
				IPHONEOS_DEPLOYMENT_TARGET = 10.2;
				MTL_ENABLE_DEBUG_INFO = YES;
				ONLY_ACTIVE_ARCH = YES;
				SDKROOT = iphoneos;
				SWIFT_ACTIVE_COMPILATION_CONDITIONS = DEBUG;
				SWIFT_OPTIMIZATION_LEVEL = "-Onone";
				TARGETED_DEVICE_FAMILY = "1,2";
			};
			name = Debug;
		};
		B63A763D1E1DDAA1005C95D3 /* Release */ = {
			isa = XCBuildConfiguration;
			buildSettings = {
				ALWAYS_SEARCH_USER_PATHS = NO;
				CLANG_ANALYZER_NONNULL = YES;
				CLANG_CXX_LANGUAGE_STANDARD = "gnu++0x";
				CLANG_CXX_LIBRARY = "libc++";
				CLANG_ENABLE_MODULES = YES;
				CLANG_ENABLE_OBJC_ARC = YES;
				CLANG_WARN_BOOL_CONVERSION = YES;
				CLANG_WARN_CONSTANT_CONVERSION = YES;
				CLANG_WARN_DIRECT_OBJC_ISA_USAGE = YES_ERROR;
				CLANG_WARN_DOCUMENTATION_COMMENTS = YES;
				CLANG_WARN_EMPTY_BODY = YES;
				CLANG_WARN_ENUM_CONVERSION = YES;
				CLANG_WARN_INFINITE_RECURSION = YES;
				CLANG_WARN_INT_CONVERSION = YES;
				CLANG_WARN_OBJC_ROOT_CLASS = YES_ERROR;
				CLANG_WARN_SUSPICIOUS_MOVE = YES;
				CLANG_WARN_UNREACHABLE_CODE = YES;
				CLANG_WARN__DUPLICATE_METHOD_MATCH = YES;
				"CODE_SIGN_IDENTITY[sdk=iphoneos*]" = "iPhone Developer";
				COPY_PHASE_STRIP = NO;
				DEBUG_INFORMATION_FORMAT = "dwarf-with-dsym";
				ENABLE_NS_ASSERTIONS = NO;
				ENABLE_STRICT_OBJC_MSGSEND = YES;
				GCC_C_LANGUAGE_STANDARD = gnu99;
				GCC_NO_COMMON_BLOCKS = YES;
				GCC_WARN_64_TO_32_BIT_CONVERSION = YES;
				GCC_WARN_ABOUT_RETURN_TYPE = YES_ERROR;
				GCC_WARN_UNDECLARED_SELECTOR = YES;
				GCC_WARN_UNINITIALIZED_AUTOS = YES_AGGRESSIVE;
				GCC_WARN_UNUSED_FUNCTION = YES;
				GCC_WARN_UNUSED_VARIABLE = YES;
				IPHONEOS_DEPLOYMENT_TARGET = 10.2;
				MTL_ENABLE_DEBUG_INFO = NO;
				SDKROOT = iphoneos;
				SWIFT_OPTIMIZATION_LEVEL = "-Owholemodule";
				TARGETED_DEVICE_FAMILY = "1,2";
				VALIDATE_PRODUCT = YES;
			};
			name = Release;
		};
		B63A763F1E1DDAA1005C95D3 /* Debug */ = {
			isa = XCBuildConfiguration;
			buildSettings = {
				ASSETCATALOG_COMPILER_APPICON_NAME = AppIcon;
				DEVELOPMENT_TEAM = 9V5VY2T8PQ;
				INFOPLIST_FILE = "T&A_App/Info.plist";
				LD_RUNPATH_SEARCH_PATHS = "$(inherited) @executable_path/Frameworks";
				PRODUCT_BUNDLE_IDENTIFIER = "com.feliciaweathers.T-A-App";
				PRODUCT_NAME = "$(TARGET_NAME)";
				SWIFT_VERSION = 3.0;
			};
			name = Debug;
		};
		B63A76401E1DDAA1005C95D3 /* Release */ = {
			isa = XCBuildConfiguration;
			buildSettings = {
				ASSETCATALOG_COMPILER_APPICON_NAME = AppIcon;
				DEVELOPMENT_TEAM = 9V5VY2T8PQ;
				INFOPLIST_FILE = "T&A_App/Info.plist";
				LD_RUNPATH_SEARCH_PATHS = "$(inherited) @executable_path/Frameworks";
				PRODUCT_BUNDLE_IDENTIFIER = "com.feliciaweathers.T-A-App";
				PRODUCT_NAME = "$(TARGET_NAME)";
				SWIFT_VERSION = 3.0;
			};
			name = Release;
		};
/* End XCBuildConfiguration section */

/* Begin XCConfigurationList section */
		B63A76241E1DDAA1005C95D3 /* Build configuration list for PBXProject "T&A_App" */ = {
			isa = XCConfigurationList;
			buildConfigurations = (
				B63A763C1E1DDAA1005C95D3 /* Debug */,
				B63A763D1E1DDAA1005C95D3 /* Release */,
			);
			defaultConfigurationIsVisible = 0;
			defaultConfigurationName = Release;
		};
		B63A763E1E1DDAA1005C95D3 /* Build configuration list for PBXNativeTarget "T&A_App" */ = {
			isa = XCConfigurationList;
			buildConfigurations = (
				B63A763F1E1DDAA1005C95D3 /* Debug */,
				B63A76401E1DDAA1005C95D3 /* Release */,
			);
			defaultConfigurationIsVisible = 0;
			defaultConfigurationName = Release;
		};
/* End XCConfigurationList section */

/* Begin XCVersionGroup section */
		B63A76331E1DDAA1005C95D3 /* T_A_App.xcdatamodeld */ = {
			isa = XCVersionGroup;
			children = (
				B63A76341E1DDAA1005C95D3 /* T_A_App.xcdatamodel */,
			);
			currentVersion = B63A76341E1DDAA1005C95D3 /* T_A_App.xcdatamodel */;
			path = T_A_App.xcdatamodeld;
			sourceTree = "<group>";
			versionGroupType = wrapper.xcdatamodel;
		};
/* End XCVersionGroup section */
	};
	rootObject = B63A76211E1DDAA1005C95D3 /* Project object */;
}
